
Microsoft Visual Studio Solution File, Format Version 12.00
# Visual Studio Version 16
VisualStudioVersion = 16.0.30002.166
MinimumVisualStudioVersion = 10.0.40219.1
Project("{9A19103F-16F7-4668-BE54-9A1E7A4F7556}") = "SwaggerApp", "SwaggerApp.csproj", "{8CEEBB60-D42B-4510-A725-6555621C94DE}"
EndProject
Global
	GlobalSection(SolutionConfigurationPlatforms) = preSolution
		Debug|Any CPU = Debug|Any CPU
		Release|Any CPU = Release|Any CPU
	EndGlobalSection
	GlobalSection(ProjectConfigurationPlatforms) = postSolution
		{8CEEBB60-D42B-4510-A725-6555621C94DE}.Debug|Any CPU.ActiveCfg = Debug|Any CPU
		{8CEEBB60-D42B-4510-A725-6555621C94DE}.Debug|Any CPU.Build.0 = Debug|Any CPU
		{8CEEBB60-D42B-4510-A725-6555621C94DE}.Release|Any CPU.ActiveCfg = Release|Any CPU
		{8CEEBB60-D42B-4510-A725-6555621C94DE}.Release|Any CPU.Build.0 = Release|Any CPU
	EndGlobalSection
	GlobalSection(SolutionProperties) = preSolution
		HideSolutionNode = FALSE
	EndGlobalSection
	GlobalSection(ExtensibilityGlobals) = postSolution
		SolutionGuid = {3D29275F-FF15-444D-B137-81FB34E00DDE}
	EndGlobalSection
EndGlobal
